
Microsoft Visual Studio Solution File, Format Version 12.00
# Visual Studio Version 17
VisualStudioVersion = 17.7.34031.279
MinimumVisualStudioVersion = 10.0.40219.1
Project("{FAE04EC0-301F-11D3-BF4B-00C04F79EFBC}") = "Tech-news", "Tech-news.csproj", "{FDA85290-EA8A-4F2F-8E92-125D8B5CCD81}"
EndProject
Global
	GlobalSection(SolutionConfigurationPlatforms) = preSolution
		Debug|Any CPU = Debug|Any CPU
		Release|Any CPU = Release|Any CPU
	EndGlobalSection
	GlobalSection(ProjectConfigurationPlatforms) = postSolution
		{FDA85290-EA8A-4F2F-8E92-125D8B5CCD81}.Debug|Any CPU.ActiveCfg = Debug|Any CPU
		{FDA85290-EA8A-4F2F-8E92-125D8B5CCD81}.Debug|Any CPU.Build.0 = Debug|Any CPU
		{FDA85290-EA8A-4F2F-8E92-125D8B5CCD81}.Release|Any CPU.ActiveCfg = Release|Any CPU
		{FDA85290-EA8A-4F2F-8E92-125D8B5CCD81}.Release|Any CPU.Build.0 = Release|Any CPU
	EndGlobalSection
	GlobalSection(SolutionProperties) = preSolution
		HideSolutionNode = FALSE
	EndGlobalSection
	GlobalSection(ExtensibilityGlobals) = postSolution
		SolutionGuid = {7F6EBDA3-475C-4DAC-867C-9CA6DAF55D75}
	EndGlobalSection
EndGlobal
